
Microsoft Visual Studio Solution File, Format Version 12.00
# Visual Studio Version 17
VisualStudioVersion = 17.4.33205.214
MinimumVisualStudioVersion = 10.0.40219.1
Project("{FAE04EC0-301F-11D3-BF4B-00C04F79EFBC}") = "appello_2021_07_07", "appello_2021_07_07\appello_2021_07_07.csproj", "{6E5CA5D6-52CA-46EC-B92C-E6EC3B8009FE}"
EndProject
Project("{FAE04EC0-301F-11D3-BF4B-00C04F79EFBC}") = "appello_2021_07_07_test", "appello_2021_07_07_test\appello_2021_07_07_test.csproj", "{3802CDBC-D495-403A-89BE-B6755974D5E7}"
EndProject
Global
	GlobalSection(SolutionConfigurationPlatforms) = preSolution
		Debug|Any CPU = Debug|Any CPU
		Release|Any CPU = Release|Any CPU
	EndGlobalSection
	GlobalSection(ProjectConfigurationPlatforms) = postSolution
		{6E5CA5D6-52CA-46EC-B92C-E6EC3B8009FE}.Debug|Any CPU.ActiveCfg = Debug|Any CPU
		{6E5CA5D6-52CA-46EC-B92C-E6EC3B8009FE}.Debug|Any CPU.Build.0 = Debug|Any CPU
		{6E5CA5D6-52CA-46EC-B92C-E6EC3B8009FE}.Release|Any CPU.ActiveCfg = Release|Any CPU
		{6E5CA5D6-52CA-46EC-B92C-E6EC3B8009FE}.Release|Any CPU.Build.0 = Release|Any CPU
		{3802CDBC-D495-403A-89BE-B6755974D5E7}.Debug|Any CPU.ActiveCfg = Debug|Any CPU
		{3802CDBC-D495-403A-89BE-B6755974D5E7}.Debug|Any CPU.Build.0 = Debug|Any CPU
		{3802CDBC-D495-403A-89BE-B6755974D5E7}.Release|Any CPU.ActiveCfg = Release|Any CPU
		{3802CDBC-D495-403A-89BE-B6755974D5E7}.Release|Any CPU.Build.0 = Release|Any CPU
	EndGlobalSection
	GlobalSection(SolutionProperties) = preSolution
		HideSolutionNode = FALSE
	EndGlobalSection
	GlobalSection(ExtensibilityGlobals) = postSolution
		SolutionGuid = {2569206D-A013-4E94-A21C-59084662B035}
	EndGlobalSection
EndGlobal
