
Microsoft Visual Studio Solution File, Format Version 12.00
# Visual Studio Version 17
VisualStudioVersion = 17.4.33205.214
MinimumVisualStudioVersion = 10.0.40219.1
Project("{FAE04EC0-301F-11D3-BF4B-00C04F79EFBC}") = "test_mio_per_Mock", "test_mio_per_Mock\test_mio_per_Mock.csproj", "{F3A53F87-4F8A-4D46-8166-2589F2657892}"
EndProject
Project("{FAE04EC0-301F-11D3-BF4B-00C04F79EFBC}") = "test_mio_per_Mock_test", "test_mio_per_Mock_test\test_mio_per_Mock_test.csproj", "{4D2F2F0E-9A3D-4387-B13E-9BCDC558C688}"
EndProject
Global
	GlobalSection(SolutionConfigurationPlatforms) = preSolution
		Debug|Any CPU = Debug|Any CPU
		Release|Any CPU = Release|Any CPU
	EndGlobalSection
	GlobalSection(ProjectConfigurationPlatforms) = postSolution
		{F3A53F87-4F8A-4D46-8166-2589F2657892}.Debug|Any CPU.ActiveCfg = Debug|Any CPU
		{F3A53F87-4F8A-4D46-8166-2589F2657892}.Debug|Any CPU.Build.0 = Debug|Any CPU
		{F3A53F87-4F8A-4D46-8166-2589F2657892}.Release|Any CPU.ActiveCfg = Release|Any CPU
		{F3A53F87-4F8A-4D46-8166-2589F2657892}.Release|Any CPU.Build.0 = Release|Any CPU
		{4D2F2F0E-9A3D-4387-B13E-9BCDC558C688}.Debug|Any CPU.ActiveCfg = Debug|Any CPU
		{4D2F2F0E-9A3D-4387-B13E-9BCDC558C688}.Debug|Any CPU.Build.0 = Debug|Any CPU
		{4D2F2F0E-9A3D-4387-B13E-9BCDC558C688}.Release|Any CPU.ActiveCfg = Release|Any CPU
		{4D2F2F0E-9A3D-4387-B13E-9BCDC558C688}.Release|Any CPU.Build.0 = Release|Any CPU
	EndGlobalSection
	GlobalSection(SolutionProperties) = preSolution
		HideSolutionNode = FALSE
	EndGlobalSection
	GlobalSection(ExtensibilityGlobals) = postSolution
		SolutionGuid = {B9ECDE1B-E2EC-44DE-AFF4-8A17C515DEBD}
	EndGlobalSection
EndGlobal
